// !$*UTF8*$!
{
	archiveVersion = 1;
	classes = {
	};
	objectVersion = 50;
	objects = {

/* Begin PBXBuildFile section */
		52493AE796EB4C457279B429 /* Pods_learntoiosTests.framework in Frameworks */ = {isa = PBXBuildFile; fileRef = 1A23BE1C30D2735D403EEA7D /* Pods_learntoiosTests.framework */; };
		779780E77FD40D8CC4C2CEFE /* Pods_learntoios.framework in Frameworks */ = {isa = PBXBuildFile; fileRef = 9CF8DD04C8BB2921DA6CD915 /* Pods_learntoios.framework */; };
		948E74CC20E6897F009617B4 /* GoogleService-Info.plist in Resources */ = {isa = PBXBuildFile; fileRef = 948E74CB20E6897F009617B4 /* GoogleService-Info.plist */; };
		948E74CE20EA1909009617B4 /* LoginViewController.swift in Sources */ = {isa = PBXBuildFile; fileRef = 948E74CD20EA1909009617B4 /* LoginViewController.swift */; };
		948E74D220EA22C0009617B4 /* HomeViewController.swift in Sources */ = {isa = PBXBuildFile; fileRef = 948E74D120EA22C0009617B4 /* HomeViewController.swift */; };
		94D3A2AA20E681A10006F336 /* AppDelegate.swift in Sources */ = {isa = PBXBuildFile; fileRef = 94D3A2A920E681A10006F336 /* AppDelegate.swift */; };
		94D3A2AC20E681A10006F336 /* ViewController.swift in Sources */ = {isa = PBXBuildFile; fileRef = 94D3A2AB20E681A10006F336 /* ViewController.swift */; };
		94D3A2AF20E681A10006F336 /* Main.storyboard in Resources */ = {isa = PBXBuildFile; fileRef = 94D3A2AD20E681A10006F336 /* Main.storyboard */; };
		94D3A2B120E681A40006F336 /* Assets.xcassets in Resources */ = {isa = PBXBuildFile; fileRef = 94D3A2B020E681A40006F336 /* Assets.xcassets */; };
		94D3A2B420E681A40006F336 /* LaunchScreen.storyboard in Resources */ = {isa = PBXBuildFile; fileRef = 94D3A2B220E681A40006F336 /* LaunchScreen.storyboard */; };
		94D3A2CA20E681A40006F336 /* learntoiosUITests.swift in Sources */ = {isa = PBXBuildFile; fileRef = 94D3A2C920E681A40006F336 /* learntoiosUITests.swift */; };
		94D3A2D820E681CE0006F336 /* GoogleService-Info.plist in Resources */ = {isa = PBXBuildFile; fileRef = 94D3A2D720E681CE0006F336 /* GoogleService-Info.plist */; };
		C9A3708DBDC844E858BCB711 /* Pods_learntoiosUITests.framework in Frameworks */ = {isa = PBXBuildFile; fileRef = 2FDF42A7276029892382481A /* Pods_learntoiosUITests.framework */; };
/* End PBXBuildFile section */

/* Begin PBXContainerItemProxy section */
		94D3A2BB20E681A40006F336 /* PBXContainerItemProxy */ = {
			isa = PBXContainerItemProxy;
			containerPortal = 94D3A29E20E681A10006F336 /* Project object */;
			proxyType = 1;
			remoteGlobalIDString = 94D3A2A520E681A10006F336;
			remoteInfo = learntoios;
		};
		94D3A2C620E681A40006F336 /* PBXContainerItemProxy */ = {
			isa = PBXContainerItemProxy;
			containerPortal = 94D3A29E20E681A10006F336 /* Project object */;
			proxyType = 1;
			remoteGlobalIDString = 94D3A2A520E681A10006F336;
			remoteInfo = learntoios;
		};
/* End PBXContainerItemProxy section */

/* Begin PBXFileReference section */
		1A23BE1C30D2735D403EEA7D /* Pods_learntoiosTests.framework */ = {isa = PBXFileReference; explicitFileType = wrapper.framework; includeInIndex = 0; path = Pods_learntoiosTests.framework; sourceTree = BUILT_PRODUCTS_DIR; };
		22C5AC57AB980817B7EC8776 /* Pods-learntoios.release.xcconfig */ = {isa = PBXFileReference; includeInIndex = 1; lastKnownFileType = text.xcconfig; name = "Pods-learntoios.release.xcconfig"; path = "Pods/Target Support Files/Pods-learntoios/Pods-learntoios.release.xcconfig"; sourceTree = "<group>"; };
		2FDF42A7276029892382481A /* Pods_learntoiosUITests.framework */ = {isa = PBXFileReference; explicitFileType = wrapper.framework; includeInIndex = 0; path = Pods_learntoiosUITests.framework; sourceTree = BUILT_PRODUCTS_DIR; };
		368B53779652AB437AACD239 /* Pods-learntoiosTests.release.xcconfig */ = {isa = PBXFileReference; includeInIndex = 1; lastKnownFileType = text.xcconfig; name = "Pods-learntoiosTests.release.xcconfig"; path = "Pods/Target Support Files/Pods-learntoiosTests/Pods-learntoiosTests.release.xcconfig"; sourceTree = "<group>"; };
		6012662B3EAB13159AAFD44C /* Pods-learntoiosUITests.release.xcconfig */ = {isa = PBXFileReference; includeInIndex = 1; lastKnownFileType = text.xcconfig; name = "Pods-learntoiosUITests.release.xcconfig"; path = "Pods/Target Support Files/Pods-learntoiosUITests/Pods-learntoiosUITests.release.xcconfig"; sourceTree = "<group>"; };
		8940861567D4911536C4A15F /* Pods-learntoiosTests.debug.xcconfig */ = {isa = PBXFileReference; includeInIndex = 1; lastKnownFileType = text.xcconfig; name = "Pods-learntoiosTests.debug.xcconfig"; path = "Pods/Target Support Files/Pods-learntoiosTests/Pods-learntoiosTests.debug.xcconfig"; sourceTree = "<group>"; };
		948E74CB20E6897F009617B4 /* GoogleService-Info.plist */ = {isa = PBXFileReference; fileEncoding = 4; lastKnownFileType = text.plist.xml; name = "GoogleService-Info.plist"; path = "../../../Downloads/GoogleService-Info.plist"; sourceTree = "<group>"; };
		948E74CD20EA1909009617B4 /* LoginViewController.swift */ = {isa = PBXFileReference; lastKnownFileType = sourcecode.swift; path = LoginViewController.swift; sourceTree = "<group>"; };
		948E74D120EA22C0009617B4 /* HomeViewController.swift */ = {isa = PBXFileReference; lastKnownFileType = sourcecode.swift; path = HomeViewController.swift; sourceTree = "<group>"; };
		94D3A2A620E681A10006F336 /* learntoios.app */ = {isa = PBXFileReference; explicitFileType = wrapper.application; includeInIndex = 0; path = learntoios.app; sourceTree = BUILT_PRODUCTS_DIR; };
		94D3A2A920E681A10006F336 /* AppDelegate.swift */ = {isa = PBXFileReference; lastKnownFileType = sourcecode.swift; path = AppDelegate.swift; sourceTree = "<group>"; };
		94D3A2AB20E681A10006F336 /* ViewController.swift */ = {isa = PBXFileReference; lastKnownFileType = sourcecode.swift; path = ViewController.swift; sourceTree = "<group>"; };
		94D3A2AE20E681A10006F336 /* Base */ = {isa = PBXFileReference; lastKnownFileType = file.storyboard; name = Base; path = Base.lproj/Main.storyboard; sourceTree = "<group>"; };
		94D3A2B020E681A40006F336 /* Assets.xcassets */ = {isa = PBXFileReference; lastKnownFileType = folder.assetcatalog; path = Assets.xcassets; sourceTree = "<group>"; };
		94D3A2B320E681A40006F336 /* Base */ = {isa = PBXFileReference; lastKnownFileType = file.storyboard; name = Base; path = Base.lproj/LaunchScreen.storyboard; sourceTree = "<group>"; };
		94D3A2B520E681A40006F336 /* Info.plist */ = {isa = PBXFileReference; lastKnownFileType = text.plist.xml; path = Info.plist; sourceTree = "<group>"; };
		94D3A2BA20E681A40006F336 /* learntoiosTests.xctest */ = {isa = PBXFileReference; explicitFileType = wrapper.cfbundle; includeInIndex = 0; path = learntoiosTests.xctest; sourceTree = BUILT_PRODUCTS_DIR; };
		94D3A2C520E681A40006F336 /* learntoiosUITests.xctest */ = {isa = PBXFileReference; explicitFileType = wrapper.cfbundle; includeInIndex = 0; path = learntoiosUITests.xctest; sourceTree = BUILT_PRODUCTS_DIR; };
		94D3A2C920E681A40006F336 /* learntoiosUITests.swift */ = {isa = PBXFileReference; lastKnownFileType = sourcecode.swift; path = learntoiosUITests.swift; sourceTree = "<group>"; };
		94D3A2CB20E681A40006F336 /* Info.plist */ = {isa = PBXFileReference; lastKnownFileType = text.plist.xml; path = Info.plist; sourceTree = "<group>"; };
		94D3A2D720E681CE0006F336 /* GoogleService-Info.plist */ = {isa = PBXFileReference; fileEncoding = 4; lastKnownFileType = text.plist.xml; name = "GoogleService-Info.plist"; path = "../../../Downloads/GoogleService-Info.plist"; sourceTree = "<group>"; };
		9CF8DD04C8BB2921DA6CD915 /* Pods_learntoios.framework */ = {isa = PBXFileReference; explicitFileType = wrapper.framework; includeInIndex = 0; path = Pods_learntoios.framework; sourceTree = BUILT_PRODUCTS_DIR; };
		AAE23FF92E7640307A7E3302 /* Pods-learntoiosUITests.debug.xcconfig */ = {isa = PBXFileReference; includeInIndex = 1; lastKnownFileType = text.xcconfig; name = "Pods-learntoiosUITests.debug.xcconfig"; path = "Pods/Target Support Files/Pods-learntoiosUITests/Pods-learntoiosUITests.debug.xcconfig"; sourceTree = "<group>"; };
		B9E7F99D55E7C9C378F9B676 /* Pods-learntoios.debug.xcconfig */ = {isa = PBXFileReference; includeInIndex = 1; lastKnownFileType = text.xcconfig; name = "Pods-learntoios.debug.xcconfig"; path = "Pods/Target Support Files/Pods-learntoios/Pods-learntoios.debug.xcconfig"; sourceTree = "<group>"; };
/* End PBXFileReference section */

/* Begin PBXFrameworksBuildPhase section */
		94D3A2A320E681A10006F336 /* Frameworks */ = {
			isa = PBXFrameworksBuildPhase;
			buildActionMask = 2147483647;
			files = (
				779780E77FD40D8CC4C2CEFE /* Pods_learntoios.framework in Frameworks */,
			);
			runOnlyForDeploymentPostprocessing = 0;
		};
		94D3A2B720E681A40006F336 /* Frameworks */ = {
			isa = PBXFrameworksBuildPhase;
			buildActionMask = 2147483647;
			files = (
				52493AE796EB4C457279B429 /* Pods_learntoiosTests.framework in Frameworks */,
			);
			runOnlyForDeploymentPostprocessing = 0;
		};
		94D3A2C220E681A40006F336 /* Frameworks */ = {
			isa = PBXFrameworksBuildPhase;
			buildActionMask = 2147483647;
			files = (
				C9A3708DBDC844E858BCB711 /* Pods_learntoiosUITests.framework in Frameworks */,
			);
			runOnlyForDeploymentPostprocessing = 0;
		};
/* End PBXFrameworksBuildPhase section */

/* Begin PBXGroup section */
		0AF08F3F1E1F09C230F92F6F /* Frameworks */ = {
			isa = PBXGroup;
			children = (
				9CF8DD04C8BB2921DA6CD915 /* Pods_learntoios.framework */,
				1A23BE1C30D2735D403EEA7D /* Pods_learntoiosTests.framework */,
				2FDF42A7276029892382481A /* Pods_learntoiosUITests.framework */,
			);
			name = Frameworks;
			sourceTree = "<group>";
		};
		94D3A29D20E681A10006F336 = {
			isa = PBXGroup;
			children = (
				94D3A2A820E681A10006F336 /* learntoios */,
				94D3A2C820E681A40006F336 /* learntoiosUITests */,
				94D3A2A720E681A10006F336 /* Products */,
				AB1BD9290CC3392326330617 /* Pods */,
				0AF08F3F1E1F09C230F92F6F /* Frameworks */,
			);
			sourceTree = "<group>";
		};
		94D3A2A720E681A10006F336 /* Products */ = {
			isa = PBXGroup;
			children = (
				94D3A2A620E681A10006F336 /* learntoios.app */,
				94D3A2BA20E681A40006F336 /* learntoiosTests.xctest */,
				94D3A2C520E681A40006F336 /* learntoiosUITests.xctest */,
			);
			name = Products;
			sourceTree = "<group>";
		};
		94D3A2A820E681A10006F336 /* learntoios */ = {
			isa = PBXGroup;
			children = (
				94D3A2A920E681A10006F336 /* AppDelegate.swift */,
				94D3A2AB20E681A10006F336 /* ViewController.swift */,
				94D3A2AD20E681A10006F336 /* Main.storyboard */,
				94D3A2B020E681A40006F336 /* Assets.xcassets */,
				94D3A2B220E681A40006F336 /* LaunchScreen.storyboard */,
				948E74CB20E6897F009617B4 /* GoogleService-Info.plist */,
				94D3A2B520E681A40006F336 /* Info.plist */,
				948E74CD20EA1909009617B4 /* LoginViewController.swift */,
				948E74D120EA22C0009617B4 /* HomeViewController.swift */,
			);
			path = learntoios;
			sourceTree = "<group>";
		};
		94D3A2C820E681A40006F336 /* learntoiosUITests */ = {
			isa = PBXGroup;
			children = (
				94D3A2C920E681A40006F336 /* learntoiosUITests.swift */,
				94D3A2D720E681CE0006F336 /* GoogleService-Info.plist */,
				94D3A2CB20E681A40006F336 /* Info.plist */,
			);
			path = learntoiosUITests;
			sourceTree = "<group>";
		};
		AB1BD9290CC3392326330617 /* Pods */ = {
			isa = PBXGroup;
			children = (
				B9E7F99D55E7C9C378F9B676 /* Pods-learntoios.debug.xcconfig */,
				22C5AC57AB980817B7EC8776 /* Pods-learntoios.release.xcconfig */,
				8940861567D4911536C4A15F /* Pods-learntoiosTests.debug.xcconfig */,
				368B53779652AB437AACD239 /* Pods-learntoiosTests.release.xcconfig */,
				AAE23FF92E7640307A7E3302 /* Pods-learntoiosUITests.debug.xcconfig */,
				6012662B3EAB13159AAFD44C /* Pods-learntoiosUITests.release.xcconfig */,
			);
			name = Pods;
			sourceTree = "<group>";
		};
/* End PBXGroup section */

/* Begin PBXNativeTarget section */
		94D3A2A520E681A10006F336 /* learntoios */ = {
			isa = PBXNativeTarget;
			buildConfigurationList = 94D3A2CE20E681A40006F336 /* Build configuration list for PBXNativeTarget "learntoios" */;
			buildPhases = (
				ABD7ECB050D2AEE0EEE9F5BC /* [CP] Check Pods Manifest.lock */,
				94D3A2A220E681A10006F336 /* Sources */,
				94D3A2A320E681A10006F336 /* Frameworks */,
				94D3A2A420E681A10006F336 /* Resources */,
				E2B10B7236D59580F5619494 /* [CP] Embed Pods Frameworks */,
			);
			buildRules = (
			);
			dependencies = (
			);
			name = learntoios;
			productName = learntoios;
			productReference = 94D3A2A620E681A10006F336 /* learntoios.app */;
			productType = "com.apple.product-type.application";
		};
		94D3A2B920E681A40006F336 /* learntoiosTests */ = {
			isa = PBXNativeTarget;
			buildConfigurationList = 94D3A2D120E681A40006F336 /* Build configuration list for PBXNativeTarget "learntoiosTests" */;
			buildPhases = (
				D4D74C8D9941EA645A44DE65 /* [CP] Check Pods Manifest.lock */,
				94D3A2B620E681A40006F336 /* Sources */,
				94D3A2B720E681A40006F336 /* Frameworks */,
				94D3A2B820E681A40006F336 /* Resources */,
			);
			buildRules = (
			);
			dependencies = (
				94D3A2BC20E681A40006F336 /* PBXTargetDependency */,
			);
			name = learntoiosTests;
			productName = learntoiosTests;
			productReference = 94D3A2BA20E681A40006F336 /* learntoiosTests.xctest */;
			productType = "com.apple.product-type.bundle.unit-test";
		};
		94D3A2C420E681A40006F336 /* learntoiosUITests */ = {
			isa = PBXNativeTarget;
			buildConfigurationList = 94D3A2D420E681A40006F336 /* Build configuration list for PBXNativeTarget "learntoiosUITests" */;
			buildPhases = (
				4FC636163D73DD8B21670BE7 /* [CP] Check Pods Manifest.lock */,
				94D3A2C120E681A40006F336 /* Sources */,
				94D3A2C220E681A40006F336 /* Frameworks */,
				94D3A2C320E681A40006F336 /* Resources */,
			);
			buildRules = (
			);
			dependencies = (
				94D3A2C720E681A40006F336 /* PBXTargetDependency */,
			);
			name = learntoiosUITests;
			productName = learntoiosUITests;
			productReference = 94D3A2C520E681A40006F336 /* learntoiosUITests.xctest */;
			productType = "com.apple.product-type.bundle.ui-testing";
		};
/* End PBXNativeTarget section */

/* Begin PBXProject section */
		94D3A29E20E681A10006F336 /* Project object */ = {
			isa = PBXProject;
			attributes = {
				LastSwiftUpdateCheck = 0940;
				LastUpgradeCheck = 0940;
				ORGANIZATIONNAME = "Chloe Mullan";
				TargetAttributes = {
					94D3A2A520E681A10006F336 = {
						CreatedOnToolsVersion = 9.4.1;
					};
					94D3A2B920E681A40006F336 = {
						CreatedOnToolsVersion = 9.4.1;
						TestTargetID = 94D3A2A520E681A10006F336;
					};
					94D3A2C420E681A40006F336 = {
						CreatedOnToolsVersion = 9.4.1;
						TestTargetID = 94D3A2A520E681A10006F336;
					};
				};
			};
			buildConfigurationList = 94D3A2A120E681A10006F336 /* Build configuration list for PBXProject "learntoios" */;
			compatibilityVersion = "Xcode 9.3";
			developmentRegion = en;
			hasScannedForEncodings = 0;
			knownRegions = (
				en,
				Base,
			);
			mainGroup = 94D3A29D20E681A10006F336;
			productRefGroup = 94D3A2A720E681A10006F336 /* Products */;
			projectDirPath = "";
			projectRoot = "";
			targets = (
				94D3A2A520E681A10006F336 /* learntoios */,
				94D3A2B920E681A40006F336 /* learntoiosTests */,
				94D3A2C420E681A40006F336 /* learntoiosUITests */,
			);
		};
/* End PBXProject section */

/* Begin PBXResourcesBuildPhase section */
		94D3A2A420E681A10006F336 /* Resources */ = {
			isa = PBXResourcesBuildPhase;
			buildActionMask = 2147483647;
			files = (
				94D3A2B420E681A40006F336 /* LaunchScreen.storyboard in Resources */,
				948E74CC20E6897F009617B4 /* GoogleService-Info.plist in Resources */,
				94D3A2B120E681A40006F336 /* Assets.xcassets in Resources */,
				94D3A2AF20E681A10006F336 /* Main.storyboard in Resources */,
			);
			runOnlyForDeploymentPostprocessing = 0;
		};
		94D3A2B820E681A40006F336 /* Resources */ = {
			isa = PBXResourcesBuildPhase;
			buildActionMask = 2147483647;
			files = (
			);
			runOnlyForDeploymentPostprocessing = 0;
		};
		94D3A2C320E681A40006F336 /* Resources */ = {
			isa = PBXResourcesBuildPhase;
			buildActionMask = 2147483647;
			files = (
				94D3A2D820E681CE0006F336 /* GoogleService-Info.plist in Resources */,
			);
			runOnlyForDeploymentPostprocessing = 0;
		};
/* End PBXResourcesBuildPhase section */

/* Begin PBXShellScriptBuildPhase section */
		4FC636163D73DD8B21670BE7 /* [CP] Check Pods Manifest.lock */ = {
			isa = PBXShellScriptBuildPhase;
			buildActionMask = 2147483647;
			files = (
			);
			inputPaths = (
				"${PODS_PODFILE_DIR_PATH}/Podfile.lock",
				"${PODS_ROOT}/Manifest.lock",
			);
			name = "[CP] Check Pods Manifest.lock";
			outputPaths = (
				"$(DERIVED_FILE_DIR)/Pods-learntoiosUITests-checkManifestLockResult.txt",
			);
			runOnlyForDeploymentPostprocessing = 0;
			shellPath = /bin/sh;
			shellScript = "diff \"${PODS_PODFILE_DIR_PATH}/Podfile.lock\" \"${PODS_ROOT}/Manifest.lock\" > /dev/null\nif [ $? != 0 ] ; then\n    # print error to STDERR\n    echo \"error: The sandbox is not in sync with the Podfile.lock. Run 'pod install' or update your CocoaPods installation.\" >&2\n    exit 1\nfi\n# This output is used by Xcode 'outputs' to avoid re-running this script phase.\necho \"SUCCESS\" > \"${SCRIPT_OUTPUT_FILE_0}\"\n";
			showEnvVarsInLog = 0;
		};
		ABD7ECB050D2AEE0EEE9F5BC /* [CP] Check Pods Manifest.lock */ = {
			isa = PBXShellScriptBuildPhase;
			buildActionMask = 2147483647;
			files = (
			);
			inputPaths = (
				"${PODS_PODFILE_DIR_PATH}/Podfile.lock",
				"${PODS_ROOT}/Manifest.lock",
			);
			name = "[CP] Check Pods Manifest.lock";
			outputPaths = (
				"$(DERIVED_FILE_DIR)/Pods-learntoios-checkManifestLockResult.txt",
			);
			runOnlyForDeploymentPostprocessing = 0;
			shellPath = /bin/sh;
			shellScript = "diff \"${PODS_PODFILE_DIR_PATH}/Podfile.lock\" \"${PODS_ROOT}/Manifest.lock\" > /dev/null\nif [ $? != 0 ] ; then\n    # print error to STDERR\n    echo \"error: The sandbox is not in sync with the Podfile.lock. Run 'pod install' or update your CocoaPods installation.\" >&2\n    exit 1\nfi\n# This output is used by Xcode 'outputs' to avoid re-running this script phase.\necho \"SUCCESS\" > \"${SCRIPT_OUTPUT_FILE_0}\"\n";
			showEnvVarsInLog = 0;
		};
		D4D74C8D9941EA645A44DE65 /* [CP] Check Pods Manifest.lock */ = {
			isa = PBXShellScriptBuildPhase;
			buildActionMask = 2147483647;
			files = (
			);
			inputPaths = (
				"${PODS_PODFILE_DIR_PATH}/Podfile.lock",
				"${PODS_ROOT}/Manifest.lock",
			);
			name = "[CP] Check Pods Manifest.lock";
			outputPaths = (
				"$(DERIVED_FILE_DIR)/Pods-learntoiosTests-checkManifestLockResult.txt",
			);
			runOnlyForDeploymentPostprocessing = 0;
			shellPath = /bin/sh;
			shellScript = "diff \"${PODS_PODFILE_DIR_PATH}/Podfile.lock\" \"${PODS_ROOT}/Manifest.lock\" > /dev/null\nif [ $? != 0 ] ; then\n    # print error to STDERR\n    echo \"error: The sandbox is not in sync with the Podfile.lock. Run 'pod install' or update your CocoaPods installation.\" >&2\n    exit 1\nfi\n# This output is used by Xcode 'outputs' to avoid re-running this script phase.\necho \"SUCCESS\" > \"${SCRIPT_OUTPUT_FILE_0}\"\n";
			showEnvVarsInLog = 0;
		};
		E2B10B7236D59580F5619494 /* [CP] Embed Pods Frameworks */ = {
			isa = PBXShellScriptBuildPhase;
			buildActionMask = 2147483647;
			files = (
			);
			inputPaths = (
				"${SRCROOT}/Pods/Target Support Files/Pods-learntoios/Pods-learntoios-frameworks.sh",
				"${BUILT_PRODUCTS_DIR}/GTMSessionFetcher/GTMSessionFetcher.framework",
				"${BUILT_PRODUCTS_DIR}/GoogleToolboxForMac/GoogleToolboxForMac.framework",
				"${BUILT_PRODUCTS_DIR}/nanopb/nanopb.framework",
			);
			name = "[CP] Embed Pods Frameworks";
			outputPaths = (
				"${TARGET_BUILD_DIR}/${FRAMEWORKS_FOLDER_PATH}/GTMSessionFetcher.framework",
				"${TARGET_BUILD_DIR}/${FRAMEWORKS_FOLDER_PATH}/GoogleToolboxForMac.framework",
				"${TARGET_BUILD_DIR}/${FRAMEWORKS_FOLDER_PATH}/nanopb.framework",
			);
			runOnlyForDeploymentPostprocessing = 0;
			shellPath = /bin/sh;
			shellScript = "\"${SRCROOT}/Pods/Target Support Files/Pods-learntoios/Pods-learntoios-frameworks.sh\"\n";
			showEnvVarsInLog = 0;
		};
/* End PBXShellScriptBuildPhase section */

/* Begin PBXSourcesBuildPhase section */
		94D3A2A220E681A10006F336 /* Sources */ = {
			isa = PBXSourcesBuildPhase;
			buildActionMask = 2147483647;
			files = (
				94D3A2AC20E681A10006F336 /* ViewController.swift in Sources */,
				948E74CE20EA1909009617B4 /* LoginViewController.swift in Sources */,
				94D3A2AA20E681A10006F336 /* AppDelegate.swift in Sources */,
				948E74D220EA22C0009617B4 /* HomeViewController.swift in Sources */,
			);
			runOnlyForDeploymentPostprocessing = 0;
		};
		94D3A2B620E681A40006F336 /* Sources */ = {
			isa = PBXSourcesBuildPhase;
			buildActionMask = 2147483647;
			files = (
			);
			runOnlyForDeploymentPostprocessing = 0;
		};
		94D3A2C120E681A40006F336 /* Sources */ = {
			isa = PBXSourcesBuildPhase;
			buildActionMask = 2147483647;
			files = (
				94D3A2CA20E681A40006F336 /* learntoiosUITests.swift in Sources */,
			);
			runOnlyForDeploymentPostprocessing = 0;
		};
/* End PBXSourcesBuildPhase section */

/* Begin PBXTargetDependency section */
		94D3A2BC20E681A40006F336 /* PBXTargetDependency */ = {
			isa = PBXTargetDependency;
			target = 94D3A2A520E681A10006F336 /* learntoios */;
			targetProxy = 94D3A2BB20E681A40006F336 /* PBXContainerItemProxy */;
		};
		94D3A2C720E681A40006F336 /* PBXTargetDependency */ = {
			isa = PBXTargetDependency;
			target = 94D3A2A520E681A10006F336 /* learntoios */;
			targetProxy = 94D3A2C620E681A40006F336 /* PBXContainerItemProxy */;
		};
/* End PBXTargetDependency section */

/* Begin PBXVariantGroup section */
		94D3A2AD20E681A10006F336 /* Main.storyboard */ = {
			isa = PBXVariantGroup;
			children = (
				94D3A2AE20E681A10006F336 /* Base */,
			);
			name = Main.storyboard;
			sourceTree = "<group>";
		};
		94D3A2B220E681A40006F336 /* LaunchScreen.storyboard */ = {
			isa = PBXVariantGroup;
			children = (
				94D3A2B320E681A40006F336 /* Base */,
			);
			name = LaunchScreen.storyboard;
			sourceTree = "<group>";
		};
/* End PBXVariantGroup section */

/* Begin XCBuildConfiguration section */
		94D3A2CC20E681A40006F336 /* Debug */ = {
			isa = XCBuildConfiguration;
			buildSettings = {
				ALWAYS_SEARCH_USER_PATHS = NO;
				CLANG_ANALYZER_NONNULL = YES;
				CLANG_ANALYZER_NUMBER_OBJECT_CONVERSION = YES_AGGRESSIVE;
				CLANG_CXX_LANGUAGE_STANDARD = "gnu++14";
				CLANG_CXX_LIBRARY = "libc++";
				CLANG_ENABLE_MODULES = YES;
				CLANG_ENABLE_OBJC_ARC = YES;
				CLANG_ENABLE_OBJC_WEAK = YES;
				CLANG_WARN_BLOCK_CAPTURE_AUTORELEASING = YES;
				CLANG_WARN_BOOL_CONVERSION = YES;
				CLANG_WARN_COMMA = YES;
				CLANG_WARN_CONSTANT_CONVERSION = YES;
				CLANG_WARN_DEPRECATED_OBJC_IMPLEMENTATIONS = YES;
				CLANG_WARN_DIRECT_OBJC_ISA_USAGE = YES_ERROR;
				CLANG_WARN_DOCUMENTATION_COMMENTS = YES;
				CLANG_WARN_EMPTY_BODY = YES;
				CLANG_WARN_ENUM_CONVERSION = YES;
				CLANG_WARN_INFINITE_RECURSION = YES;
				CLANG_WARN_INT_CONVERSION = YES;
				CLANG_WARN_NON_LITERAL_NULL_CONVERSION = YES;
				CLANG_WARN_OBJC_IMPLICIT_RETAIN_SELF = YES;
				CLANG_WARN_OBJC_LITERAL_CONVERSION = YES;
				CLANG_WARN_OBJC_ROOT_CLASS = YES_ERROR;
				CLANG_WARN_RANGE_LOOP_ANALYSIS = YES;
				CLANG_WARN_STRICT_PROTOTYPES = YES;
				CLANG_WARN_SUSPICIOUS_MOVE = YES;
				CLANG_WARN_UNGUARDED_AVAILABILITY = YES_AGGRESSIVE;
				CLANG_WARN_UNREACHABLE_CODE = YES;
				CLANG_WARN__DUPLICATE_METHOD_MATCH = YES;
				CODE_SIGN_IDENTITY = "iPhone Developer";
				COPY_PHASE_STRIP = NO;
				DEBUG_INFORMATION_FORMAT = dwarf;
				ENABLE_STRICT_OBJC_MSGSEND = YES;
				ENABLE_TESTABILITY = YES;
				GCC_C_LANGUAGE_STANDARD = gnu11;
				GCC_DYNAMIC_NO_PIC = NO;
				GCC_NO_COMMON_BLOCKS = YES;
				GCC_OPTIMIZATION_LEVEL = 0;
				GCC_PREPROCESSOR_DEFINITIONS = (
					"DEBUG=1",
					"$(inherited)",
				);
				GCC_WARN_64_TO_32_BIT_CONVERSION = YES;
				GCC_WARN_ABOUT_RETURN_TYPE = YES_ERROR;
				GCC_WARN_UNDECLARED_SELECTOR = YES;
				GCC_WARN_UNINITIALIZED_AUTOS = YES_AGGRESSIVE;
				GCC_WARN_UNUSED_FUNCTION = YES;
				GCC_WARN_UNUSED_VARIABLE = YES;
				IPHONEOS_DEPLOYMENT_TARGET = 11.4;
				MTL_ENABLE_DEBUG_INFO = YES;
				ONLY_ACTIVE_ARCH = YES;
				SDKROOT = iphoneos;
				SWIFT_ACTIVE_COMPILATION_CONDITIONS = DEBUG;
				SWIFT_OPTIMIZATION_LEVEL = "-Onone";
			};
			name = Debug;
		};
		94D3A2CD20E681A40006F336 /* Release */ = {
			isa = XCBuildConfiguration;
			buildSettings = {
				ALWAYS_SEARCH_USER_PATHS = NO;
				CLANG_ANALYZER_NONNULL = YES;
				CLANG_ANALYZER_NUMBER_OBJECT_CONVERSION = YES_AGGRESSIVE;
				CLANG_CXX_LANGUAGE_STANDARD = "gnu++14";
				CLANG_CXX_LIBRARY = "libc++";
				CLANG_ENABLE_MODULES = YES;
				CLANG_ENABLE_OBJC_ARC = YES;
				CLANG_ENABLE_OBJC_WEAK = YES;
				CLANG_WARN_BLOCK_CAPTURE_AUTORELEASING = YES;
				CLANG_WARN_BOOL_CONVERSION = YES;
				CLANG_WARN_COMMA = YES;
				CLANG_WARN_CONSTANT_CONVERSION = YES;
				CLANG_WARN_DEPRECATED_OBJC_IMPLEMENTATIONS = YES;
				CLANG_WARN_DIRECT_OBJC_ISA_USAGE = YES_ERROR;
				CLANG_WARN_DOCUMENTATION_COMMENTS = YES;
				CLANG_WARN_EMPTY_BODY = YES;
				CLANG_WARN_ENUM_CONVERSION = YES;
				CLANG_WARN_INFINITE_RECURSION = YES;
				CLANG_WARN_INT_CONVERSION = YES;
				CLANG_WARN_NON_LITERAL_NULL_CONVERSION = YES;
				CLANG_WARN_OBJC_IMPLICIT_RETAIN_SELF = YES;
				CLANG_WARN_OBJC_LITERAL_CONVERSION = YES;
				CLANG_WARN_OBJC_ROOT_CLASS = YES_ERROR;
				CLANG_WARN_RANGE_LOOP_ANALYSIS = YES;
				CLANG_WARN_STRICT_PROTOTYPES = YES;
				CLANG_WARN_SUSPICIOUS_MOVE = YES;
				CLANG_WARN_UNGUARDED_AVAILABILITY = YES_AGGRESSIVE;
				CLANG_WARN_UNREACHABLE_CODE = YES;
				CLANG_WARN__DUPLICATE_METHOD_MATCH = YES;
				CODE_SIGN_IDENTITY = "iPhone Developer";
				COPY_PHASE_STRIP = NO;
				DEBUG_INFORMATION_FORMAT = "dwarf-with-dsym";
				ENABLE_NS_ASSERTIONS = NO;
				ENABLE_STRICT_OBJC_MSGSEND = YES;
				GCC_C_LANGUAGE_STANDARD = gnu11;
				GCC_NO_COMMON_BLOCKS = YES;
				GCC_WARN_64_TO_32_BIT_CONVERSION = YES;
				GCC_WARN_ABOUT_RETURN_TYPE = YES_ERROR;
				GCC_WARN_UNDECLARED_SELECTOR = YES;
				GCC_WARN_UNINITIALIZED_AUTOS = YES_AGGRESSIVE;
				GCC_WARN_UNUSED_FUNCTION = YES;
				GCC_WARN_UNUSED_VARIABLE = YES;
				IPHONEOS_DEPLOYMENT_TARGET = 11.4;
				MTL_ENABLE_DEBUG_INFO = NO;
				SDKROOT = iphoneos;
				SWIFT_COMPILATION_MODE = wholemodule;
				SWIFT_OPTIMIZATION_LEVEL = "-O";
				VALIDATE_PRODUCT = YES;
			};
			name = Release;
		};
		94D3A2CF20E681A40006F336 /* Debug */ = {
			isa = XCBuildConfiguration;
			baseConfigurationReference = B9E7F99D55E7C9C378F9B676 /* Pods-learntoios.debug.xcconfig */;
			buildSettings = {
				ASSETCATALOG_COMPILER_APPICON_NAME = AppIcon;
				CODE_SIGN_STYLE = Automatic;
				INFOPLIST_FILE = learntoios/Info.plist;
				LD_RUNPATH_SEARCH_PATHS = (
					"$(inherited)",
					"@executable_path/Frameworks",
				);
				PRODUCT_BUNDLE_IDENTIFIER = learnto.learntoios;
				PRODUCT_NAME = "$(TARGET_NAME)";
				SWIFT_VERSION = 4.0;
				TARGETED_DEVICE_FAMILY = "1,2";
			};
			name = Debug;
		};
		94D3A2D020E681A40006F336 /* Release */ = {
			isa = XCBuildConfiguration;
			baseConfigurationReference = 22C5AC57AB980817B7EC8776 /* Pods-learntoios.release.xcconfig */;
			buildSettings = {
				ASSETCATALOG_COMPILER_APPICON_NAME = AppIcon;
				CODE_SIGN_STYLE = Automatic;
				INFOPLIST_FILE = learntoios/Info.plist;
				LD_RUNPATH_SEARCH_PATHS = (
					"$(inherited)",
					"@executable_path/Frameworks",
				);
				PRODUCT_BUNDLE_IDENTIFIER = learnto.learntoios;
				PRODUCT_NAME = "$(TARGET_NAME)";
				SWIFT_VERSION = 4.0;
				TARGETED_DEVICE_FAMILY = "1,2";
			};
			name = Release;
		};
		94D3A2D220E681A40006F336 /* Debug */ = {
			isa = XCBuildConfiguration;
			baseConfigurationReference = 8940861567D4911536C4A15F /* Pods-learntoiosTests.debug.xcconfig */;
			buildSettings = {
				ALWAYS_EMBED_SWIFT_STANDARD_LIBRARIES = YES;
				BUNDLE_LOADER = "$(TEST_HOST)";
				CODE_SIGN_STYLE = Automatic;
				INFOPLIST_FILE = learntoiosTests/Info.plist;
				LD_RUNPATH_SEARCH_PATHS = (
					"$(inherited)",
					"@executable_path/Frameworks",
					"@loader_path/Frameworks",
				);
				PRODUCT_BUNDLE_IDENTIFIER = learnto.learntoiosTests;
				PRODUCT_NAME = "$(TARGET_NAME)";
				SWIFT_VERSION = 4.0;
				TARGETED_DEVICE_FAMILY = "1,2";
				TEST_HOST = "$(BUILT_PRODUCTS_DIR)/learntoios.app/learntoios";
			};
			name = Debug;
		};
		94D3A2D320E681A40006F336 /* Release */ = {
			isa = XCBuildConfiguration;
			baseConfigurationReference = 368B53779652AB437AACD239 /* Pods-learntoiosTests.release.xcconfig */;
			buildSettings = {
				ALWAYS_EMBED_SWIFT_STANDARD_LIBRARIES = YES;
				BUNDLE_LOADER = "$(TEST_HOST)";
				CODE_SIGN_STYLE = Automatic;
				INFOPLIST_FILE = learntoiosTests/Info.plist;
				LD_RUNPATH_SEARCH_PATHS = (
					"$(inherited)",
					"@executable_path/Frameworks",
					"@loader_path/Frameworks",
				);
				PRODUCT_BUNDLE_IDENTIFIER = learnto.learntoiosTests;
				PRODUCT_NAME = "$(TARGET_NAME)";
				SWIFT_VERSION = 4.0;
				TARGETED_DEVICE_FAMILY = "1,2";
				TEST_HOST = "$(BUILT_PRODUCTS_DIR)/learntoios.app/learntoios";
			};
			name = Release;
		};
		94D3A2D520E681A40006F336 /* Debug */ = {
			isa = XCBuildConfiguration;
			baseConfigurationReference = AAE23FF92E7640307A7E3302 /* Pods-learntoiosUITests.debug.xcconfig */;
			buildSettings = {
				ALWAYS_EMBED_SWIFT_STANDARD_LIBRARIES = YES;
				CODE_SIGN_STYLE = Automatic;
				INFOPLIST_FILE = learntoiosUITests/Info.plist;
				LD_RUNPATH_SEARCH_PATHS = (
					"$(inherited)",
					"@executable_path/Frameworks",
					"@loader_path/Frameworks",
				);
				PRODUCT_BUNDLE_IDENTIFIER = learnto.learntoiosUITests;
				PRODUCT_NAME = "$(TARGET_NAME)";
				SWIFT_VERSION = 4.0;
				TARGETED_DEVICE_FAMILY = "1,2";
				TEST_TARGET_NAME = learntoios;
			};
			name = Debug;
		};
		94D3A2D620E681A40006F336 /* Release */ = {
			isa = XCBuildConfiguration;
			baseConfigurationReference = 6012662B3EAB13159AAFD44C /* Pods-learntoiosUITests.release.xcconfig */;
			buildSettings = {
				ALWAYS_EMBED_SWIFT_STANDARD_LIBRARIES = YES;
				CODE_SIGN_STYLE = Automatic;
				INFOPLIST_FILE = learntoiosUITests/Info.plist;
				LD_RUNPATH_SEARCH_PATHS = (
					"$(inherited)",
					"@executable_path/Frameworks",
					"@loader_path/Frameworks",
				);
				PRODUCT_BUNDLE_IDENTIFIER = learnto.learntoiosUITests;
				PRODUCT_NAME = "$(TARGET_NAME)";
				SWIFT_VERSION = 4.0;
				TARGETED_DEVICE_FAMILY = "1,2";
				TEST_TARGET_NAME = learntoios;
			};
			name = Release;
		};
/* End XCBuildConfiguration section */

/* Begin XCConfigurationList section */
		94D3A2A120E681A10006F336 /* Build configuration list for PBXProject "learntoios" */ = {
			isa = XCConfigurationList;
			buildConfigurations = (
				94D3A2CC20E681A40006F336 /* Debug */,
				94D3A2CD20E681A40006F336 /* Release */,
			);
			defaultConfigurationIsVisible = 0;
			defaultConfigurationName = Release;
		};
		94D3A2CE20E681A40006F336 /* Build configuration list for PBXNativeTarget "learntoios" */ = {
			isa = XCConfigurationList;
			buildConfigurations = (
				94D3A2CF20E681A40006F336 /* Debug */,
				94D3A2D020E681A40006F336 /* Release */,
			);
			defaultConfigurationIsVisible = 0;
			defaultConfigurationName = Release;
		};
		94D3A2D120E681A40006F336 /* Build configuration list for PBXNativeTarget "learntoiosTests" */ = {
			isa = XCConfigurationList;
			buildConfigurations = (
				94D3A2D220E681A40006F336 /* Debug */,
				94D3A2D320E681A40006F336 /* Release */,
			);
			defaultConfigurationIsVisible = 0;
			defaultConfigurationName = Release;
		};
		94D3A2D420E681A40006F336 /* Build configuration list for PBXNativeTarget "learntoiosUITests" */ = {
			isa = XCConfigurationList;
			buildConfigurations = (
				94D3A2D520E681A40006F336 /* Debug */,
				94D3A2D620E681A40006F336 /* Release */,
			);
			defaultConfigurationIsVisible = 0;
			defaultConfigurationName = Release;
		};
/* End XCConfigurationList section */
	};
	rootObject = 94D3A29E20E681A10006F336 /* Project object */;
}
